
Microsoft Visual Studio Solution File, Format Version 12.00
# Visual Studio 15
VisualStudioVersion = 15.0.28307.902
MinimumVisualStudioVersion = 10.0.40219.1
Project("{F2A71F9B-5D33-465A-A702-920D77279786}") = "DebugMod2", "DebugMod2\DebugMod2.fsproj", "{99773DA0-2CA1-43BE-9DFD-874E7342310C}"
EndProject
Global
	GlobalSection(SolutionConfigurationPlatforms) = preSolution
		Debug|Any CPU = Debug|Any CPU
		Release|Any CPU = Release|Any CPU
	EndGlobalSection
	GlobalSection(ProjectConfigurationPlatforms) = postSolution
		{99773DA0-2CA1-43BE-9DFD-874E7342310C}.Debug|Any CPU.ActiveCfg = Debug|Any CPU
		{99773DA0-2CA1-43BE-9DFD-874E7342310C}.Debug|Any CPU.Build.0 = Debug|Any CPU
		{99773DA0-2CA1-43BE-9DFD-874E7342310C}.Release|Any CPU.ActiveCfg = Release|Any CPU
		{99773DA0-2CA1-43BE-9DFD-874E7342310C}.Release|Any CPU.Build.0 = Release|Any CPU
	EndGlobalSection
	GlobalSection(SolutionProperties) = preSolution
		HideSolutionNode = FALSE
	EndGlobalSection
	GlobalSection(ExtensibilityGlobals) = postSolution
		SolutionGuid = {F7B0F4A2-2021-4157-840B-5E6E8A724789}
	EndGlobalSection
EndGlobal
