Microsoft Visual Studio Solution File, Format Version 12.00
# Visual Studio 15
VisualStudioVersion = 15.0.28307.1340
MinimumVisualStudioVersion = 10.0.40219.1
Project("{FAE04EC0-301F-11D3-BF4B-00C04F79EFBC}") = "DebugMod", "Source\DebugMod.csproj", "{E3E4D0B7-656C-6C50-7567-696E2E57696E}"
EndProject
Global
	GlobalSection(SolutionConfigurationPlatforms) = preSolution
		Debug|Any CPU = Debug|Any CPU
		Release|Any CPU = Release|Any CPU
	EndGlobalSection
	GlobalSection(ProjectConfigurationPlatforms) = postSolution
		{E3E4D0B7-656C-6C50-7567-696E2E57696E}.Debug|Any CPU.ActiveCfg = Debug|Any CPU
		{E3E4D0B7-656C-6C50-7567-696E2E57696E}.Debug|Any CPU.Build.0 = Debug|Any CPU
		{E3E4D0B7-656C-6C50-7567-696E2E57696E}.Release|Any CPU.ActiveCfg = Release|Any CPU
		{E3E4D0B7-656C-6C50-7567-696E2E57696E}.Release|Any CPU.Build.0 = Release|Any CPU
	EndGlobalSection
	GlobalSection(SolutionProperties) = preSolution
		HideSolutionNode = FALSE
	EndGlobalSection
	GlobalSection(ExtensibilityGlobals) = postSolution
		SolutionGuid = {3A3F4FD5-C58A-44B9-88F8-1970BD2A3530}
	EndGlobalSection
EndGlobal
